<?xml version="1.0" encoding="utf-8"?>
<Project ToolsVersion="4.0" xmlns="http://schemas.microsoft.com/developer/msbuild/2003">
  <ItemGroup>
    <ClCompile Include="AIMovmentSystem.cpp" />
    <ClCompile Include="Circle.cpp" />
    <ClCompile Include="dirLight.cpp" />
    <ClCompile Include="FSMachine.cpp" />
    <ClCompile Include="heightmap.cpp" />
    <ClCompile Include="IdleState.cpp" />
    <ClCompile Include="LevelManager.cpp" />
    <ClCompile Include="Line.cpp" />
    <ClCompile Include="MapObject.cpp" />
    <ClCompile Include="PolygonBoundsSystem.cpp" />
    <ClCompile Include="Quad.cpp" />
    <ClCompile Include="MultiplayerSystem.cpp" />
    <ClCompile Include="SAT\Collider.cpp" />
    <ClCompile Include="SAT\CollisionManager.cpp" />
    <ClCompile Include="SAT\PixelCollider.cpp" />
    <ClCompile Include="SAT\Polygon.cpp" />
    <ClCompile Include="shaders.cpp" />
    <ClCompile Include="src\Camera.cpp" />
    <ClCompile Include="src\CameraSystem.cpp" />
    <ClCompile Include="src\CheckpointSystem.cpp" />
    <ClCompile Include="src\ControllerSystem.cpp" />
    <ClCompile Include="src\Entity.cpp" />
    <ClCompile Include="src\FLInputManager.cpp" />
    <ClCompile Include="src\Game.cpp" />
    <ClCompile Include="src\GameOverScene.cpp" />
    <ClCompile Include="src\GameScene.cpp" />
    <ClCompile Include="src\LightingSystem.cpp" />
    <ClCompile Include="src\main.cpp" />
    <ClCompile Include="src\MapCollisionSystem.cpp" />
    <ClCompile Include="src\MenuScene.cpp" />
    <ClCompile Include="src\Mesh.cpp" />
    <ClCompile Include="src\Model.cpp" />
    <ClCompile Include="src\MultiplayerScene.cpp" />
    <ClCompile Include="src\Net.cpp" />
    <ClCompile Include="src\OptionsScene.cpp" />
    <ClCompile Include="src\PickupSystem.cpp" />
    <ClCompile Include="src\RenderSystem.cpp" />
    <ClCompile Include="src\ResourceManager.cpp" />
    <ClCompile Include="src\Scene.cpp" />
    <ClCompile Include="src\SceneManager.cpp" />
    <ClCompile Include="src\SkyBox.cpp" />
    <ClCompile Include="src\Shader.cpp" />
    <ClCompile Include="src\Textures.cpp" />
    <ClCompile Include="src\TransformSystem.cpp" />
    <ClCompile Include="texture.cpp" />
    <ClCompile Include="vertexBufferObject.cpp" />
    <ClCompile Include="Command.cpp" />
    <ClCompile Include="InputManager.cpp" />
  </ItemGroup>
  <ItemGroup>
    <ClInclude Include="AIMovementSystem.h" />
    <ClInclude Include="Circle.h" />
    <ClInclude Include="common_header.h" />
    <ClInclude Include="dirLight.h" />
    <ClInclude Include="FSMachine.h" />
    <ClInclude Include="header\Camera.h" />
    <ClInclude Include="header\CheckpointSystem.h" />
    <ClInclude Include="header\DirectionalLight.h" />
    <ClInclude Include="header\CameraSystem.h" />
    <ClInclude Include="header\Component.h" />
    <ClInclude Include="header\Components.h" />
    <ClInclude Include="header\ControllerSystem.h" />
    <ClInclude Include="header\Entity.h" />
    <ClInclude Include="header\FLInputManager.h" />
    <ClInclude Include="header\Game.h" />
    <ClInclude Include="header\GameOverScene.h" />
    <ClInclude Include="header\GameScene.h" />
    <ClInclude Include="header\LightingSystem.h" />
    <ClInclude Include="header\MapCollisionSystem.h" />
    <ClInclude Include="header\MultiplayerScene.h" />
    <ClInclude Include="header\Net.h" />
    <ClInclude Include="header\OptionsScene.h" />
    <ClInclude Include="header\PickUpSystem.h" />
    <ClInclude Include="header\PointLight.h" />
    <ClInclude Include="header\MenuScene.h" />
    <ClInclude Include="header\Mesh.h" />
    <ClInclude Include="header\Model.h" />
    <ClInclude Include="header\RenderSystem.h" />
    <ClInclude Include="header\ResourceManager.h" />
    <ClInclude Include="header\Scene.h" />
    <ClInclude Include="header\SceneManager.h" />
    <ClInclude Include="header\SkyBox.h" />
    <ClInclude Include="header\Shader.h" />
    <ClInclude Include="header\System.h" />
    <ClInclude Include="header\Textures.h" />
    <ClInclude Include="header\TransformSystem.h" />
    <ClInclude Include="heightmap.h" />
    <ClInclude Include="IdleState.h" />
    <ClInclude Include="LevelManager.h" />
    <ClInclude Include="Line.h" />
    <ClInclude Include="MapObject.h" />
    <ClInclude Include="PolygonBoundsSystem.h" />
    <ClInclude Include="Quad.h" />
    <ClInclude Include="MultiplayerSystem.h" />
    <ClInclude Include="SAT\Collider.h" />
    <ClInclude Include="SAT\CollisionManager.h" />
    <ClInclude Include="SAT\PixelCollider.h" />
    <ClInclude Include="SAT\Polygon.h" />
    <ClInclude Include="SAT\RectFloat.h" />
    <ClInclude Include="shaders.h" />
    <ClInclude Include="State.h" />
    <ClInclude Include="texture.h" />
    <ClInclude Include="vertexBufferObject.h" />
    <ClInclude Include="Command.h" />
    <ClInclude Include="EventListener.h" />
    <ClInclude Include="InputManager.h" />
  </ItemGroup>
  <ItemGroup>
    <None Include="Shaders\basic.frag" />
    <None Include="Shaders\basic.vs" />
    <None Include="Shaders\lampShader.frag" />
    <None Include="Shaders\lampShader.vs" />
    <None Include="Shaders\lightShader.frag" />
    <None Include="Shaders\lightShader.vs" />
    <None Include="Shaders\modelShader.frag" />
    <None Include="Shaders\modelShader.vs" />
    <None Include="Shaders\skyBoxShader.frag" />
    <None Include="Shaders\skyBoxShader.vs" />
    <None Include="Shaders\texture.frag" />
    <None Include="Shaders\texture.vs" />
    <None Include="Shaders\textureSun.frag" />
    <None Include="Shaders\textureSun.vs" />
  </ItemGroup>
</Project>